
Microsoft Visual Studio Solution File, Format Version 12.00
# Visual Studio 15
VisualStudioVersion = 15.0.27130.2026
MinimumVisualStudioVersion = 10.0.40219.1
Project("{FAE04EC0-301F-11D3-BF4B-00C04F79EFBC}") = "laskin", "laskin\laskin.csproj", "{8320FB83-66E7-4F3B-A8F2-ADF7D029A106}"
EndProject
Global
	GlobalSection(SolutionConfigurationPlatforms) = preSolution
		Debug|Any CPU = Debug|Any CPU
		Release|Any CPU = Release|Any CPU
	EndGlobalSection
	GlobalSection(ProjectConfigurationPlatforms) = postSolution
		{8320FB83-66E7-4F3B-A8F2-ADF7D029A106}.Debug|Any CPU.ActiveCfg = Debug|Any CPU
		{8320FB83-66E7-4F3B-A8F2-ADF7D029A106}.Debug|Any CPU.Build.0 = Debug|Any CPU
		{8320FB83-66E7-4F3B-A8F2-ADF7D029A106}.Release|Any CPU.ActiveCfg = Release|Any CPU
		{8320FB83-66E7-4F3B-A8F2-ADF7D029A106}.Release|Any CPU.Build.0 = Release|Any CPU
	EndGlobalSection
	GlobalSection(SolutionProperties) = preSolution
		HideSolutionNode = FALSE
	EndGlobalSection
	GlobalSection(ExtensibilityGlobals) = postSolution
		SolutionGuid = {2FFE4231-7A4A-43A6-9736-B8BC2433481B}
	EndGlobalSection
EndGlobal
